
Microsoft Visual Studio Solution File, Format Version 12.00
# Visual Studio Version 17
VisualStudioVersion = 17.7.34031.279
MinimumVisualStudioVersion = 10.0.40219.1
Project("{FAE04EC0-301F-11D3-BF4B-00C04F79EFBC}") = "ExSqlCompare.Core", "ExSqlCompare.Core\ExSqlCompare.Core.csproj", "{FE62427A-D104-438C-BEFA-73A994B0815B}"
EndProject
Global
	GlobalSection(SolutionConfigurationPlatforms) = preSolution
		Debug|Any CPU = Debug|Any CPU
		Release|Any CPU = Release|Any CPU
	EndGlobalSection
	GlobalSection(ProjectConfigurationPlatforms) = postSolution
		{FE62427A-D104-438C-BEFA-73A994B0815B}.Debug|Any CPU.ActiveCfg = Debug|Any CPU
		{FE62427A-D104-438C-BEFA-73A994B0815B}.Debug|Any CPU.Build.0 = Debug|Any CPU
		{FE62427A-D104-438C-BEFA-73A994B0815B}.Release|Any CPU.ActiveCfg = Release|Any CPU
		{FE62427A-D104-438C-BEFA-73A994B0815B}.Release|Any CPU.Build.0 = Release|Any CPU
	EndGlobalSection
	GlobalSection(SolutionProperties) = preSolution
		HideSolutionNode = FALSE
	EndGlobalSection
	GlobalSection(ExtensibilityGlobals) = postSolution
		SolutionGuid = {B9EFCCD3-5FA2-48B9-9A4E-6963451C1815}
	EndGlobalSection
EndGlobal
