
Microsoft Visual Studio Solution File, Format Version 12.00
# Visual Studio Version 17
VisualStudioVersion = 17.7.34031.279
MinimumVisualStudioVersion = 10.0.40219.1
Project("{9A19103F-16F7-4668-BE54-9A1E7A4F7556}") = "ExSqlCompare.Gui", "ExSqlCompare.Gui\ExSqlCompare.Gui.csproj", "{69682BFB-3127-4F0F-90AC-ADD4602A26B5}"
EndProject
Project("{9A19103F-16F7-4668-BE54-9A1E7A4F7556}") = "ExSqlCompare.Core", "ExSqlCompare.Core\ExSqlCompare.Core.csproj", "{8C11E2A7-03A4-4055-AA87-D38866D19266}"
EndProject
Project("{FAE04EC0-301F-11D3-BF4B-00C04F79EFBC}") = "ExSqlCompare.Infrastructure", "ExSqlCompare.Infrastructure\ExSqlCompare.Infrastructure.csproj", "{FF6DDDA5-C9D0-4BB0-BECF-7A725711BEF3}"
EndProject
Global
	GlobalSection(SolutionConfigurationPlatforms) = preSolution
		Debug|Any CPU = Debug|Any CPU
		Release|Any CPU = Release|Any CPU
	EndGlobalSection
	GlobalSection(ProjectConfigurationPlatforms) = postSolution
		{69682BFB-3127-4F0F-90AC-ADD4602A26B5}.Debug|Any CPU.ActiveCfg = Debug|Any CPU
		{69682BFB-3127-4F0F-90AC-ADD4602A26B5}.Debug|Any CPU.Build.0 = Debug|Any CPU
		{69682BFB-3127-4F0F-90AC-ADD4602A26B5}.Release|Any CPU.ActiveCfg = Release|Any CPU
		{69682BFB-3127-4F0F-90AC-ADD4602A26B5}.Release|Any CPU.Build.0 = Release|Any CPU
		{8C11E2A7-03A4-4055-AA87-D38866D19266}.Debug|Any CPU.ActiveCfg = Debug|Any CPU
		{8C11E2A7-03A4-4055-AA87-D38866D19266}.Debug|Any CPU.Build.0 = Debug|Any CPU
		{8C11E2A7-03A4-4055-AA87-D38866D19266}.Release|Any CPU.ActiveCfg = Release|Any CPU
		{8C11E2A7-03A4-4055-AA87-D38866D19266}.Release|Any CPU.Build.0 = Release|Any CPU
		{FF6DDDA5-C9D0-4BB0-BECF-7A725711BEF3}.Debug|Any CPU.ActiveCfg = Debug|Any CPU
		{FF6DDDA5-C9D0-4BB0-BECF-7A725711BEF3}.Debug|Any CPU.Build.0 = Debug|Any CPU
		{FF6DDDA5-C9D0-4BB0-BECF-7A725711BEF3}.Release|Any CPU.ActiveCfg = Release|Any CPU
		{FF6DDDA5-C9D0-4BB0-BECF-7A725711BEF3}.Release|Any CPU.Build.0 = Release|Any CPU
	EndGlobalSection
	GlobalSection(SolutionProperties) = preSolution
		HideSolutionNode = FALSE
	EndGlobalSection
	GlobalSection(ExtensibilityGlobals) = postSolution
		SolutionGuid = {B9EFCCD3-5FA2-48B9-9A4E-6963451C1815}
	EndGlobalSection
EndGlobal
